{
  "name": "ripogram",
  "lockfileVersion": 3,
  "requires": true,
  "packages": {
    "": {
      "dependencies": {
        "@ccusage/codex": "^17.2.0"
      }
    },
    "node_modules/@ccusage/codex": {
      "version": "17.2.0",
      "resolved": "https://registry.npmjs.org/@ccusage/codex/-/codex-17.2.0.tgz",
      "integrity": "sha512-Gl0XuL35bdyzBJQJQSY2abiTNndCn+JARM9ZbMHN1R6fB31p41cm50zXIGAWBRwSLN4QQgNhiSnha8fHehXUsA==",
      "license": "MIT",
      "bin": {
        "ccusage-codex": "dist/index.js"
      },
      "engines": {
        "node": ">=20.19.4"
      },
      "funding": {
        "url": "https://github.com/ryoppippi/ccusage?sponsor=1"
      }
    }
  }
}
